
Microsoft Visual Studio Solution File, Format Version 12.00
# Visual Studio 15
VisualStudioVersion = 15.0.28307.645
MinimumVisualStudioVersion = 10.0.40219.1
Project("{FAE04EC0-301F-11D3-BF4B-00C04F79EFBC}") = "LeetCode", "LeetCode.csproj", "{36A3EA8D-9DF1-4116-810F-176F4B59507D}"
EndProject
Global
	GlobalSection(SolutionConfigurationPlatforms) = preSolution
		Debug|Any CPU = Debug|Any CPU
		Release|Any CPU = Release|Any CPU
	EndGlobalSection
	GlobalSection(ProjectConfigurationPlatforms) = postSolution
		{36A3EA8D-9DF1-4116-810F-176F4B59507D}.Debug|Any CPU.ActiveCfg = Debug|Any CPU
		{36A3EA8D-9DF1-4116-810F-176F4B59507D}.Debug|Any CPU.Build.0 = Debug|Any CPU
		{36A3EA8D-9DF1-4116-810F-176F4B59507D}.Release|Any CPU.ActiveCfg = Release|Any CPU
		{36A3EA8D-9DF1-4116-810F-176F4B59507D}.Release|Any CPU.Build.0 = Release|Any CPU
	EndGlobalSection
	GlobalSection(SolutionProperties) = preSolution
		HideSolutionNode = FALSE
	EndGlobalSection
	GlobalSection(ExtensibilityGlobals) = postSolution
		SolutionGuid = {12B697D7-A809-4DB2-9556-4D40CE30F351}
	EndGlobalSection
EndGlobal
